
Microsoft Visual Studio Solution File, Format Version 12.00
# Visual Studio Version 16
VisualStudioVersion = 16.0.29418.71
MinimumVisualStudioVersion = 10.0.40219.1
Project("{2150E333-8FDC-42A3-9474-1A3956D46DE8}") = "service", "service", "{71FE1251-A40A-4F29-81FB-0C7381CB8A5D}"
EndProject
Project("{2150E333-8FDC-42A3-9474-1A3956D46DE8}") = "web", "web", "{F383BBB8-6029-4B7F-8722-5800B2B1E90E}"
EndProject
Project("{2150E333-8FDC-42A3-9474-1A3956D46DE8}") = "gateway", "gateway", "{E5185CA1-33A7-4FEC-9B4C-EF38A1A4EF3A}"
EndProject
Project("{2150E333-8FDC-42A3-9474-1A3956D46DE8}") = "assembly", "assembly", "{6A7348A7-BCFE-49F4-AC69-A23DB75FAEA0}"
EndProject
Project("{9A19103F-16F7-4668-BE54-9A1E7A4F7556}") = "Easy.Sso.Assembly", "assembly\easy.sso.assembly\Easy.Sso.Assembly.csproj", "{F6BE0B8F-D3C5-4D6F-B8C7-D663581709F5}"
EndProject
Project("{9A19103F-16F7-4668-BE54-9A1E7A4F7556}") = "Easy.Mvc.Sso", "web\mvc\easy.mvc.sso\Easy.Mvc.Sso.csproj", "{7C13888B-1CBE-49B9-AB8E-784692D46B41}"
EndProject
Project("{9A19103F-16F7-4668-BE54-9A1E7A4F7556}") = "Easy.Mvc.Admin", "web\mvc\easy.mvc.admin\Easy.Mvc.Admin.csproj", "{DBC2E9D5-B4D3-472D-B361-300ECFD888F0}"
EndProject
Project("{9A19103F-16F7-4668-BE54-9A1E7A4F7556}") = "Easy.Mvc.EShop", "web\mvc\easy.mvc.eshop\Easy.Mvc.EShop.csproj", "{C0ACC00A-EBAE-4800-AD48-9BD5E9A17A13}"
EndProject
Project("{9A19103F-16F7-4668-BE54-9A1E7A4F7556}") = "Easy.Common.Assembly", "assembly\easy.common.assembly\Easy.Common.Assembly.csproj", "{E6651EF8-EF52-47FF-A5F0-B774EA305957}"
EndProject
Global
	GlobalSection(SolutionConfigurationPlatforms) = preSolution
		Debug|Any CPU = Debug|Any CPU
		Release|Any CPU = Release|Any CPU
	EndGlobalSection
	GlobalSection(ProjectConfigurationPlatforms) = postSolution
		{F6BE0B8F-D3C5-4D6F-B8C7-D663581709F5}.Debug|Any CPU.ActiveCfg = Debug|Any CPU
		{F6BE0B8F-D3C5-4D6F-B8C7-D663581709F5}.Debug|Any CPU.Build.0 = Debug|Any CPU
		{F6BE0B8F-D3C5-4D6F-B8C7-D663581709F5}.Release|Any CPU.ActiveCfg = Release|Any CPU
		{F6BE0B8F-D3C5-4D6F-B8C7-D663581709F5}.Release|Any CPU.Build.0 = Release|Any CPU
		{7C13888B-1CBE-49B9-AB8E-784692D46B41}.Debug|Any CPU.ActiveCfg = Debug|Any CPU
		{7C13888B-1CBE-49B9-AB8E-784692D46B41}.Debug|Any CPU.Build.0 = Debug|Any CPU
		{7C13888B-1CBE-49B9-AB8E-784692D46B41}.Release|Any CPU.ActiveCfg = Release|Any CPU
		{7C13888B-1CBE-49B9-AB8E-784692D46B41}.Release|Any CPU.Build.0 = Release|Any CPU
		{DBC2E9D5-B4D3-472D-B361-300ECFD888F0}.Debug|Any CPU.ActiveCfg = Debug|Any CPU
		{DBC2E9D5-B4D3-472D-B361-300ECFD888F0}.Debug|Any CPU.Build.0 = Debug|Any CPU
		{DBC2E9D5-B4D3-472D-B361-300ECFD888F0}.Release|Any CPU.ActiveCfg = Release|Any CPU
		{DBC2E9D5-B4D3-472D-B361-300ECFD888F0}.Release|Any CPU.Build.0 = Release|Any CPU
		{C0ACC00A-EBAE-4800-AD48-9BD5E9A17A13}.Debug|Any CPU.ActiveCfg = Debug|Any CPU
		{C0ACC00A-EBAE-4800-AD48-9BD5E9A17A13}.Debug|Any CPU.Build.0 = Debug|Any CPU
		{C0ACC00A-EBAE-4800-AD48-9BD5E9A17A13}.Release|Any CPU.ActiveCfg = Release|Any CPU
		{C0ACC00A-EBAE-4800-AD48-9BD5E9A17A13}.Release|Any CPU.Build.0 = Release|Any CPU
		{E6651EF8-EF52-47FF-A5F0-B774EA305957}.Debug|Any CPU.ActiveCfg = Debug|Any CPU
		{E6651EF8-EF52-47FF-A5F0-B774EA305957}.Debug|Any CPU.Build.0 = Debug|Any CPU
		{E6651EF8-EF52-47FF-A5F0-B774EA305957}.Release|Any CPU.ActiveCfg = Release|Any CPU
		{E6651EF8-EF52-47FF-A5F0-B774EA305957}.Release|Any CPU.Build.0 = Release|Any CPU
	EndGlobalSection
	GlobalSection(SolutionProperties) = preSolution
		HideSolutionNode = FALSE
	EndGlobalSection
	GlobalSection(NestedProjects) = preSolution
		{F6BE0B8F-D3C5-4D6F-B8C7-D663581709F5} = {6A7348A7-BCFE-49F4-AC69-A23DB75FAEA0}
		{7C13888B-1CBE-49B9-AB8E-784692D46B41} = {F383BBB8-6029-4B7F-8722-5800B2B1E90E}
		{DBC2E9D5-B4D3-472D-B361-300ECFD888F0} = {F383BBB8-6029-4B7F-8722-5800B2B1E90E}
		{C0ACC00A-EBAE-4800-AD48-9BD5E9A17A13} = {F383BBB8-6029-4B7F-8722-5800B2B1E90E}
		{E6651EF8-EF52-47FF-A5F0-B774EA305957} = {6A7348A7-BCFE-49F4-AC69-A23DB75FAEA0}
	EndGlobalSection
	GlobalSection(ExtensibilityGlobals) = postSolution
		SolutionGuid = {15978D57-F8C2-4A79-9965-4066ECB88F47}
	EndGlobalSection
EndGlobal
